
Microsoft Visual Studio Solution File, Format Version 12.00
# Visual Studio Version 17
VisualStudioVersion = 17.10.35027.167
MinimumVisualStudioVersion = 10.0.40219.1
Project("{9A19103F-16F7-4668-BE54-9A1E7A4F7556}") = "Core8.MVC.XUnit", "Core8.MVC.XUnit\Core8.MVC.XUnit.csproj", "{8F31B7C9-BF49-4184-B9A7-688C208BF9C3}"
EndProject
Project("{9A19103F-16F7-4668-BE54-9A1E7A4F7556}") = "Core8.BusinessLogic", "Core8.BusinessLogic\Core8.BusinessLogic.csproj", "{8BC943E7-AC39-461A-896D-0DDF8117E659}"
EndProject
Project("{9A19103F-16F7-4668-BE54-9A1E7A4F7556}") = "Core8.BusinessLogic.Tests", "Core8.BusinessLogic.Tests\Core8.BusinessLogic.Tests.csproj", "{FB503963-C935-4E03-B684-C0C3D82B06D7}"
EndProject
Project("{2150E333-8FDC-42A3-9474-1A3956D46DE8}") = "_Tests", "_Tests", "{C94795F8-702E-41C4-A8F3-2D157C7D61EB}"
EndProject
Project("{FAE04EC0-301F-11D3-BF4B-00C04F79EFBC}") = "Core8.MVC.XUnit.Tests", "Core8.MVC.XUnit.Tests\Core8.MVC.XUnit.Tests.csproj", "{7AE04D6B-5AEE-4069-9347-969740D089D1}"
EndProject
Global
	GlobalSection(SolutionConfigurationPlatforms) = preSolution
		Debug|Any CPU = Debug|Any CPU
		Release|Any CPU = Release|Any CPU
	EndGlobalSection
	GlobalSection(ProjectConfigurationPlatforms) = postSolution
		{8F31B7C9-BF49-4184-B9A7-688C208BF9C3}.Debug|Any CPU.ActiveCfg = Debug|Any CPU
		{8F31B7C9-BF49-4184-B9A7-688C208BF9C3}.Debug|Any CPU.Build.0 = Debug|Any CPU
		{8F31B7C9-BF49-4184-B9A7-688C208BF9C3}.Release|Any CPU.ActiveCfg = Release|Any CPU
		{8F31B7C9-BF49-4184-B9A7-688C208BF9C3}.Release|Any CPU.Build.0 = Release|Any CPU
		{8BC943E7-AC39-461A-896D-0DDF8117E659}.Debug|Any CPU.ActiveCfg = Debug|Any CPU
		{8BC943E7-AC39-461A-896D-0DDF8117E659}.Debug|Any CPU.Build.0 = Debug|Any CPU
		{8BC943E7-AC39-461A-896D-0DDF8117E659}.Release|Any CPU.ActiveCfg = Release|Any CPU
		{8BC943E7-AC39-461A-896D-0DDF8117E659}.Release|Any CPU.Build.0 = Release|Any CPU
		{FB503963-C935-4E03-B684-C0C3D82B06D7}.Debug|Any CPU.ActiveCfg = Debug|Any CPU
		{FB503963-C935-4E03-B684-C0C3D82B06D7}.Debug|Any CPU.Build.0 = Debug|Any CPU
		{FB503963-C935-4E03-B684-C0C3D82B06D7}.Release|Any CPU.ActiveCfg = Release|Any CPU
		{FB503963-C935-4E03-B684-C0C3D82B06D7}.Release|Any CPU.Build.0 = Release|Any CPU
		{7AE04D6B-5AEE-4069-9347-969740D089D1}.Debug|Any CPU.ActiveCfg = Debug|Any CPU
		{7AE04D6B-5AEE-4069-9347-969740D089D1}.Debug|Any CPU.Build.0 = Debug|Any CPU
		{7AE04D6B-5AEE-4069-9347-969740D089D1}.Release|Any CPU.ActiveCfg = Release|Any CPU
		{7AE04D6B-5AEE-4069-9347-969740D089D1}.Release|Any CPU.Build.0 = Release|Any CPU
	EndGlobalSection
	GlobalSection(SolutionProperties) = preSolution
		HideSolutionNode = FALSE
	EndGlobalSection
	GlobalSection(NestedProjects) = preSolution
		{FB503963-C935-4E03-B684-C0C3D82B06D7} = {C94795F8-702E-41C4-A8F3-2D157C7D61EB}
		{7AE04D6B-5AEE-4069-9347-969740D089D1} = {C94795F8-702E-41C4-A8F3-2D157C7D61EB}
	EndGlobalSection
	GlobalSection(ExtensibilityGlobals) = postSolution
		SolutionGuid = {A35891E6-3D5A-4D52-9FCD-483D3D7495C9}
	EndGlobalSection
EndGlobal
